
Microsoft Visual Studio Solution File, Format Version 12.00
# Visual Studio Version 16
VisualStudioVersion = 16.0.30523.141
MinimumVisualStudioVersion = 10.0.40219.1
Project("{FAE04EC0-301F-11D3-BF4B-00C04F79EFBC}") = "TodoListWebApplication", "TodoListWebApplication\TodoListWebApplication.csproj", "{1AEAA101-A712-4104-B670-83D70B91E635}"
EndProject
Global
	GlobalSection(SolutionConfigurationPlatforms) = preSolution
		Debug|Any CPU = Debug|Any CPU
		Release|Any CPU = Release|Any CPU
	EndGlobalSection
	GlobalSection(ProjectConfigurationPlatforms) = postSolution
		{1AEAA101-A712-4104-B670-83D70B91E635}.Debug|Any CPU.ActiveCfg = Debug|Any CPU
		{1AEAA101-A712-4104-B670-83D70B91E635}.Debug|Any CPU.Build.0 = Debug|Any CPU
		{1AEAA101-A712-4104-B670-83D70B91E635}.Release|Any CPU.ActiveCfg = Release|Any CPU
		{1AEAA101-A712-4104-B670-83D70B91E635}.Release|Any CPU.Build.0 = Release|Any CPU
	EndGlobalSection
	GlobalSection(SolutionProperties) = preSolution
		HideSolutionNode = FALSE
	EndGlobalSection
	GlobalSection(ExtensibilityGlobals) = postSolution
		SolutionGuid = {BD7E85EA-7394-441E-A1F9-C0F2D7716673}
	EndGlobalSection
EndGlobal
